
Microsoft Visual Studio Solution File, Format Version 12.00
# Visual Studio Version 17
VisualStudioVersion = 17.5.002.0
MinimumVisualStudioVersion = 10.0.40219.1
Project("{2150E333-8FDC-42A3-9474-1A3956D46DE8}") = "StudentPlatform", "StudentPlatform", "{3817DDD0-8A06-4737-9D51-94BE9945E5EB}"
EndProject
Project("{9A19103F-16F7-4668-BE54-9A1E7A4F7556}") = "StudentPlatform", "StudentPlatform\StudentPlatform.API\StudentPlatform.csproj", "{3442FADC-FC64-47D7-B2EF-269818FBA35A}"
EndProject
Global
	GlobalSection(SolutionConfigurationPlatforms) = preSolution
		Debug|Any CPU = Debug|Any CPU
		Release|Any CPU = Release|Any CPU
	EndGlobalSection
	GlobalSection(ProjectConfigurationPlatforms) = postSolution
		{3442FADC-FC64-47D7-B2EF-269818FBA35A}.Debug|Any CPU.ActiveCfg = Debug|Any CPU
		{3442FADC-FC64-47D7-B2EF-269818FBA35A}.Debug|Any CPU.Build.0 = Debug|Any CPU
		{3442FADC-FC64-47D7-B2EF-269818FBA35A}.Release|Any CPU.ActiveCfg = Release|Any CPU
		{3442FADC-FC64-47D7-B2EF-269818FBA35A}.Release|Any CPU.Build.0 = Release|Any CPU
	EndGlobalSection
	GlobalSection(SolutionProperties) = preSolution
		HideSolutionNode = FALSE
	EndGlobalSection
	GlobalSection(NestedProjects) = preSolution
		{3442FADC-FC64-47D7-B2EF-269818FBA35A} = {3817DDD0-8A06-4737-9D51-94BE9945E5EB}
	EndGlobalSection
	GlobalSection(ExtensibilityGlobals) = postSolution
		SolutionGuid = {7C4ABECE-A694-4A03-BE93-BE2DF833A85C}
	EndGlobalSection
EndGlobal
